
Microsoft Visual Studio Solution File, Format Version 12.00
# Visual Studio Version 16
VisualStudioVersion = 16.0.31105.61
MinimumVisualStudioVersion = 10.0.40219.1
Project("{FAE04EC0-301F-11D3-BF4B-00C04F79EFBC}") = "SampleApplication", "SampleApplication\SampleApplication.csproj", "{DA11F208-F6AD-4BA6-9823-3A1519B15749}"
EndProject
Global
	GlobalSection(SolutionConfigurationPlatforms) = preSolution
		Debug|Any CPU = Debug|Any CPU
		Release|Any CPU = Release|Any CPU
	EndGlobalSection
	GlobalSection(ProjectConfigurationPlatforms) = postSolution
		{DA11F208-F6AD-4BA6-9823-3A1519B15749}.Debug|Any CPU.ActiveCfg = Debug|Any CPU
		{DA11F208-F6AD-4BA6-9823-3A1519B15749}.Debug|Any CPU.Build.0 = Debug|Any CPU
		{DA11F208-F6AD-4BA6-9823-3A1519B15749}.Release|Any CPU.ActiveCfg = Release|Any CPU
		{DA11F208-F6AD-4BA6-9823-3A1519B15749}.Release|Any CPU.Build.0 = Release|Any CPU
	EndGlobalSection
	GlobalSection(SolutionProperties) = preSolution
		HideSolutionNode = FALSE
	EndGlobalSection
	GlobalSection(ExtensibilityGlobals) = postSolution
		SolutionGuid = {9BA5DFFF-A340-41DA-A74A-5DFFE2156678}
	EndGlobalSection
EndGlobal
